
Microsoft Visual Studio Solution File, Format Version 12.00
# Visual Studio 15
VisualStudioVersion = 15.0.28307.645
MinimumVisualStudioVersion = 10.0.40219.1
Project("{9A19103F-16F7-4668-BE54-9A1E7A4F7556}") = "Application", "src\Application\Application.csproj", "{F4F4631F-578E-4487-B982-891B98688984}"
EndProject
Project("{9A19103F-16F7-4668-BE54-9A1E7A4F7556}") = "Presentation.Console", "src\Presentation.Console\Presentation.Console.csproj", "{688A8A95-5E73-4FA8-AF54-EA3CAC1167DF}"
EndProject
Global
	GlobalSection(SolutionConfigurationPlatforms) = preSolution
		Debug|Any CPU = Debug|Any CPU
		Release|Any CPU = Release|Any CPU
	EndGlobalSection
	GlobalSection(ProjectConfigurationPlatforms) = postSolution
		{F4F4631F-578E-4487-B982-891B98688984}.Debug|Any CPU.ActiveCfg = Debug|Any CPU
		{F4F4631F-578E-4487-B982-891B98688984}.Debug|Any CPU.Build.0 = Debug|Any CPU
		{F4F4631F-578E-4487-B982-891B98688984}.Release|Any CPU.ActiveCfg = Release|Any CPU
		{F4F4631F-578E-4487-B982-891B98688984}.Release|Any CPU.Build.0 = Release|Any CPU
		{688A8A95-5E73-4FA8-AF54-EA3CAC1167DF}.Debug|Any CPU.ActiveCfg = Debug|Any CPU
		{688A8A95-5E73-4FA8-AF54-EA3CAC1167DF}.Debug|Any CPU.Build.0 = Debug|Any CPU
		{688A8A95-5E73-4FA8-AF54-EA3CAC1167DF}.Release|Any CPU.ActiveCfg = Release|Any CPU
		{688A8A95-5E73-4FA8-AF54-EA3CAC1167DF}.Release|Any CPU.Build.0 = Release|Any CPU
	EndGlobalSection
	GlobalSection(SolutionProperties) = preSolution
		HideSolutionNode = FALSE
	EndGlobalSection
	GlobalSection(ExtensibilityGlobals) = postSolution
		SolutionGuid = {9D9C04EA-16D3-4A08-82FF-A064B742C4F0}
	EndGlobalSection
EndGlobal
